
Microsoft Visual Studio Solution File, Format Version 12.00
# Visual Studio Version 17
VisualStudioVersion = 17.0.31903.59
MinimumVisualStudioVersion = 10.0.40219.1
Project("{2150E333-8FDC-42A3-9474-1A3956D46DE8}") = "src", "src", "{827E0CD3-B72D-47B6-A68D-7590B98EB39B}"
EndProject
Project("{FAE04EC0-301F-11D3-BF4B-00C04F79EFBC}") = "PersonnelTransportAutomation.Domain", "src\PersonnelTransportAutomation.Domain\PersonnelTransportAutomation.Domain.csproj", "{DE0EEDC5-8528-4296-B567-1A2BEB66B017}"
EndProject
Project("{FAE04EC0-301F-11D3-BF4B-00C04F79EFBC}") = "PersonnelTransportAutomation.Application", "src\PersonnelTransportAutomation.Application\PersonnelTransportAutomation.Application.csproj", "{28B468F1-FCCD-4022-B0B2-AB7418A4A4C1}"
EndProject
Project("{FAE04EC0-301F-11D3-BF4B-00C04F79EFBC}") = "PersonnelTransportAutomation.Infrastructure", "src\PersonnelTransportAutomation.Infrastructure\PersonnelTransportAutomation.Infrastructure.csproj", "{1EC0BC1E-B6C4-4D03-A3FC-7D6AF4A19F37}"
EndProject
Project("{FAE04EC0-301F-11D3-BF4B-00C04F79EFBC}") = "PersonnelTransportAutomation.WebAPI", "src\PersonnelTransportAutomation.WebAPI\PersonnelTransportAutomation.WebAPI.csproj", "{0A713BA6-DC6D-47F9-BAAA-C0E957CAB8AC}"
EndProject
Global
	GlobalSection(SolutionConfigurationPlatforms) = preSolution
		Debug|Any CPU = Debug|Any CPU
		Debug|x64 = Debug|x64
		Debug|x86 = Debug|x86
		Release|Any CPU = Release|Any CPU
		Release|x64 = Release|x64
		Release|x86 = Release|x86
	EndGlobalSection
	GlobalSection(ProjectConfigurationPlatforms) = postSolution
		{DE0EEDC5-8528-4296-B567-1A2BEB66B017}.Debug|Any CPU.ActiveCfg = Debug|Any CPU
		{DE0EEDC5-8528-4296-B567-1A2BEB66B017}.Debug|Any CPU.Build.0 = Debug|Any CPU
		{DE0EEDC5-8528-4296-B567-1A2BEB66B017}.Debug|x64.ActiveCfg = Debug|Any CPU
		{DE0EEDC5-8528-4296-B567-1A2BEB66B017}.Debug|x64.Build.0 = Debug|Any CPU
		{DE0EEDC5-8528-4296-B567-1A2BEB66B017}.Debug|x86.ActiveCfg = Debug|Any CPU
		{DE0EEDC5-8528-4296-B567-1A2BEB66B017}.Debug|x86.Build.0 = Debug|Any CPU
		{DE0EEDC5-8528-4296-B567-1A2BEB66B017}.Release|Any CPU.ActiveCfg = Release|Any CPU
		{DE0EEDC5-8528-4296-B567-1A2BEB66B017}.Release|Any CPU.Build.0 = Release|Any CPU
		{DE0EEDC5-8528-4296-B567-1A2BEB66B017}.Release|x64.ActiveCfg = Release|Any CPU
		{DE0EEDC5-8528-4296-B567-1A2BEB66B017}.Release|x64.Build.0 = Release|Any CPU
		{DE0EEDC5-8528-4296-B567-1A2BEB66B017}.Release|x86.ActiveCfg = Release|Any CPU
		{DE0EEDC5-8528-4296-B567-1A2BEB66B017}.Release|x86.Build.0 = Release|Any CPU
		{28B468F1-FCCD-4022-B0B2-AB7418A4A4C1}.Debug|Any CPU.ActiveCfg = Debug|Any CPU
		{28B468F1-FCCD-4022-B0B2-AB7418A4A4C1}.Debug|Any CPU.Build.0 = Debug|Any CPU
		{28B468F1-FCCD-4022-B0B2-AB7418A4A4C1}.Debug|x64.ActiveCfg = Debug|Any CPU
		{28B468F1-FCCD-4022-B0B2-AB7418A4A4C1}.Debug|x64.Build.0 = Debug|Any CPU
		{28B468F1-FCCD-4022-B0B2-AB7418A4A4C1}.Debug|x86.ActiveCfg = Debug|Any CPU
		{28B468F1-FCCD-4022-B0B2-AB7418A4A4C1}.Debug|x86.Build.0 = Debug|Any CPU
		{28B468F1-FCCD-4022-B0B2-AB7418A4A4C1}.Release|Any CPU.ActiveCfg = Release|Any CPU
		{28B468F1-FCCD-4022-B0B2-AB7418A4A4C1}.Release|Any CPU.Build.0 = Release|Any CPU
		{28B468F1-FCCD-4022-B0B2-AB7418A4A4C1}.Release|x64.ActiveCfg = Release|Any CPU
		{28B468F1-FCCD-4022-B0B2-AB7418A4A4C1}.Release|x64.Build.0 = Release|Any CPU
		{28B468F1-FCCD-4022-B0B2-AB7418A4A4C1}.Release|x86.ActiveCfg = Release|Any CPU
		{28B468F1-FCCD-4022-B0B2-AB7418A4A4C1}.Release|x86.Build.0 = Release|Any CPU
		{1EC0BC1E-B6C4-4D03-A3FC-7D6AF4A19F37}.Debug|Any CPU.ActiveCfg = Debug|Any CPU
		{1EC0BC1E-B6C4-4D03-A3FC-7D6AF4A19F37}.Debug|Any CPU.Build.0 = Debug|Any CPU
		{1EC0BC1E-B6C4-4D03-A3FC-7D6AF4A19F37}.Debug|x64.ActiveCfg = Debug|Any CPU
		{1EC0BC1E-B6C4-4D03-A3FC-7D6AF4A19F37}.Debug|x64.Build.0 = Debug|Any CPU
		{1EC0BC1E-B6C4-4D03-A3FC-7D6AF4A19F37}.Debug|x86.ActiveCfg = Debug|Any CPU
		{1EC0BC1E-B6C4-4D03-A3FC-7D6AF4A19F37}.Debug|x86.Build.0 = Debug|Any CPU
		{1EC0BC1E-B6C4-4D03-A3FC-7D6AF4A19F37}.Release|Any CPU.ActiveCfg = Release|Any CPU
		{1EC0BC1E-B6C4-4D03-A3FC-7D6AF4A19F37}.Release|Any CPU.Build.0 = Release|Any CPU
		{1EC0BC1E-B6C4-4D03-A3FC-7D6AF4A19F37}.Release|x64.ActiveCfg = Release|Any CPU
		{1EC0BC1E-B6C4-4D03-A3FC-7D6AF4A19F37}.Release|x64.Build.0 = Release|Any CPU
		{1EC0BC1E-B6C4-4D03-A3FC-7D6AF4A19F37}.Release|x86.ActiveCfg = Release|Any CPU
		{1EC0BC1E-B6C4-4D03-A3FC-7D6AF4A19F37}.Release|x86.Build.0 = Release|Any CPU
		{0A713BA6-DC6D-47F9-BAAA-C0E957CAB8AC}.Debug|Any CPU.ActiveCfg = Debug|Any CPU
		{0A713BA6-DC6D-47F9-BAAA-C0E957CAB8AC}.Debug|Any CPU.Build.0 = Debug|Any CPU
		{0A713BA6-DC6D-47F9-BAAA-C0E957CAB8AC}.Debug|x64.ActiveCfg = Debug|Any CPU
		{0A713BA6-DC6D-47F9-BAAA-C0E957CAB8AC}.Debug|x64.Build.0 = Debug|Any CPU
		{0A713BA6-DC6D-47F9-BAAA-C0E957CAB8AC}.Debug|x86.ActiveCfg = Debug|Any CPU
		{0A713BA6-DC6D-47F9-BAAA-C0E957CAB8AC}.Debug|x86.Build.0 = Debug|Any CPU
		{0A713BA6-DC6D-47F9-BAAA-C0E957CAB8AC}.Release|Any CPU.ActiveCfg = Release|Any CPU
		{0A713BA6-DC6D-47F9-BAAA-C0E957CAB8AC}.Release|Any CPU.Build.0 = Release|Any CPU
		{0A713BA6-DC6D-47F9-BAAA-C0E957CAB8AC}.Release|x64.ActiveCfg = Release|Any CPU
		{0A713BA6-DC6D-47F9-BAAA-C0E957CAB8AC}.Release|x64.Build.0 = Release|Any CPU
		{0A713BA6-DC6D-47F9-BAAA-C0E957CAB8AC}.Release|x86.ActiveCfg = Release|Any CPU
		{0A713BA6-DC6D-47F9-BAAA-C0E957CAB8AC}.Release|x86.Build.0 = Release|Any CPU
	EndGlobalSection
	GlobalSection(SolutionProperties) = preSolution
		HideSolutionNode = FALSE
	EndGlobalSection
	GlobalSection(NestedProjects) = preSolution
		{DE0EEDC5-8528-4296-B567-1A2BEB66B017} = {827E0CD3-B72D-47B6-A68D-7590B98EB39B}
		{28B468F1-FCCD-4022-B0B2-AB7418A4A4C1} = {827E0CD3-B72D-47B6-A68D-7590B98EB39B}
		{1EC0BC1E-B6C4-4D03-A3FC-7D6AF4A19F37} = {827E0CD3-B72D-47B6-A68D-7590B98EB39B}
		{0A713BA6-DC6D-47F9-BAAA-C0E957CAB8AC} = {827E0CD3-B72D-47B6-A68D-7590B98EB39B}
	EndGlobalSection
EndGlobal
